{
    "_readme": [
        "This file locks the dependencies of your project to a known state",
        "Read more about it at https://getcomposer.org/doc/01-basic-usage.md#composer-lock-the-lock-file",
        "This file is @generated automatically"
    ],
    "content-hash": "ff272278030cfa24fcba52f543a90035",
    "packages": [
        {
            "name": "apix/cache",
            "version": "1.3.3",
            "source": {
                "type": "git",
                "url": "https://github.com/apix/cache.git",
                "reference": "06a9e5080a4aa4433eb067cf439c82619643fc71"
            },
            "dist": {
                "type": "zip",
                "url": "https://api.github.com/repos/apix/cache/zipball/06a9e5080a4aa4433eb067cf439c82619643fc71",
                "reference": "06a9e5080a4aa4433eb067cf439c82619643fc71",
                "shasum": ""
            },
            "require": {
                "php": "^5.3.2|^7.0",
                "psr/cache": "1.0.*"
            },
            "provide": {
                "psr/cache-implementation": "~1.0"
            },
            "require-dev": {
                "phpunit/phpunit": "^4.0|^5.0",
                "satooshi/php-coveralls": "~0.7.1"
            },
            "suggest": {
                "ext-apc": "Allows to cache into APC data store ~ up to PHP 5.4.",
                "ext-apcu": "Allows to use APCu userland caching ~ any PHP version.",
                "ext-igbinbary": "Fast and small serialization format",
                "ext-memcached": "Allows to use Memcached distributed memory caching system",
                "ext-mongo": "Allows to cache into MongoDB instances using http://php.net/mongo  ~ up to PHP 5.6.",
                "ext-mongodb": "Allows to cache into MongoDB instances using https://php.net/mongodb ~ from PHP 7 and above and HHVM.",
                "ext-pdo": "Allows to cache into PDO supported DBs such as Oracle, MS SQL server, IBM DB2.",
                "ext-pdo_mysql": "Allows to use MySQL.",
                "ext-pdo_pgsql": "Allows to use PostgreSQL",
                "ext-pdo_sqlite": "Allows to cache into SQLite.",
                "ext-redis": "So you can cache into Redis servers.",
                "msgpack/msgpack-php": "MessagePack serialization format"
            },
            "type": "library",
            "autoload": {
                "psr-4": {
                    "Apix\\Cache\\": "src/"
                }
            },
            "notification-url": "https://packagist.org/downloads/",
            "license": [
                "BSD-3-Clause"
            ],
            "authors": [
                {
                    "name": "Franck Cassedanne",
                    "email": "franck@ouarz.net"
                },
                {
                    "name": "Apix Cache Community",
                    "homepage": "https://github.com/frqnck/apix-cache/contributors"
                }
            ],
            "description": "A thin PSR-6 cache wrapper with a generic interface to various caching backends emphasising cache taggging and indexing to Redis, Memcached, PDO/SQL, APC and other adapters.",
            "homepage": "https://github.com/frqnck/apix-cache",
            "keywords": [
                "apc",
                "apcu",
                "cache",
                "caching",
                "filesystem",
                "igbinary",
                "json",
                "memcache",
                "memcached",
                "mongo",
                "mongodb",
                "msgpack",
                "mysql",
                "pdo",
                "pgsql",
                "postgres",
                "psr-6",
                "psr-cache",
                "psrCache",
                "redis",
                "serializer",
                "session",
                "sqlite",
                "tagging"
            ],
            "time": "2018-05-18T16:35:58+00:00"
        },
        {
            "name": "apix/log",
            "version": "1.2.1",
            "source": {
                "type": "git",
                "url": "https://github.com/apix/log.git",
                "reference": "fd9b520fa962d7dfba410c08ea59894819b2fcd3"
            },
            "dist": {
                "type": "zip",
                "url": "https://api.github.com/repos/apix/log/zipball/fd9b520fa962d7dfba410c08ea59894819b2fcd3",
                "reference": "fd9b520fa962d7dfba410c08ea59894819b2fcd3",
                "shasum": ""
            },
            "require": {
                "php": ">=5.3",
                "psr/log": "~1.0"
            },
            "provide": {
                "psr/log-implementation": "1.0.0"
            },
            "require-dev": {
                "phpunit/phpunit": "4.8.*"
            },
            "type": "library",
            "autoload": {
                "psr-4": {
                    "Apix\\Log\\": "src/"
                }
            },
            "notification-url": "https://packagist.org/downloads/",
            "license": [
                "BSD-3-Clause"
            ],
            "authors": [
                {
                    "name": "Franck Cassedanne",
                    "email": "franck@ouarz.net"
                }
            ],
            "description": "Minimalist, thin and fast PSR-3 compliant (multi-bucket) logger.",
            "homepage": "https://github.com/frqnck/apix-log",
            "keywords": [
                "apix",
                "log",
                "logger",
                "psr",
                "psr-3"
            ],
            "time": "2016-09-22T10:51:22+00:00"
        },
        {
            "name": "psr/cache",
            "version": "dev-master",
            "source": {
                "type": "git",
                "url": "https://github.com/php-fig/cache.git",
                "reference": "78c5a01ddbf11cf731f1338a4f5aba23b14d5b47"
            },
            "dist": {
                "type": "zip",
                "url": "https://api.github.com/repos/php-fig/cache/zipball/78c5a01ddbf11cf731f1338a4f5aba23b14d5b47",
                "reference": "78c5a01ddbf11cf731f1338a4f5aba23b14d5b47",
                "shasum": ""
            },
            "require": {
                "php": ">=5.3.0"
            },
            "type": "library",
            "extra": {
                "branch-alias": {
                    "dev-master": "1.0.x-dev"
                }
            },
            "autoload": {
                "psr-4": {
                    "Psr\\Cache\\": "src/"
                }
            },
            "notification-url": "https://packagist.org/downloads/",
            "license": [
                "MIT"
            ],
            "authors": [
                {
                    "name": "PHP-FIG",
                    "homepage": "http://www.php-fig.org/"
                }
            ],
            "description": "Common interface for caching libraries",
            "keywords": [
                "cache",
                "psr",
                "psr-6"
            ],
            "time": "2016-10-13T14:48:10+00:00"
        },
        {
            "name": "psr/log",
            "version": "dev-master",
            "source": {
                "type": "git",
                "url": "https://github.com/php-fig/log.git",
                "reference": "3490ba5925e6dcbe6de950c5c6b8dce9f6e96eda"
            },
            "dist": {
                "type": "zip",
                "url": "https://api.github.com/repos/php-fig/log/zipball/3490ba5925e6dcbe6de950c5c6b8dce9f6e96eda",
                "reference": "3490ba5925e6dcbe6de950c5c6b8dce9f6e96eda",
                "shasum": ""
            },
            "require": {
                "php": ">=5.3.0"
            },
            "type": "library",
            "extra": {
                "branch-alias": {
                    "dev-master": "1.0.x-dev"
                }
            },
            "autoload": {
                "psr-4": {
                    "Psr\\Log\\": "Psr/Log/"
                }
            },
            "notification-url": "https://packagist.org/downloads/",
            "license": [
                "MIT"
            ],
            "authors": [
                {
                    "name": "PHP-FIG",
                    "homepage": "http://www.php-fig.org/"
                }
            ],
            "description": "Common interface for logging libraries",
            "homepage": "https://github.com/php-fig/log",
            "keywords": [
                "log",
                "psr",
                "psr-3"
            ],
            "time": "2018-04-03T15:59:15+00:00"
        }
    ],
    "packages-dev": [],
    "aliases": [],
    "minimum-stability": "stable",
    "stability-flags": {
        "psr/cache": 20,
        "psr/log": 20
    },
    "prefer-stable": false,
    "prefer-lowest": false,
    "platform": {
        "php": ">=7.1"
    },
    "platform-dev": []
}
